
Microsoft Visual Studio Solution File, Format Version 12.00
# Visual Studio Version 17
VisualStudioVersion = 17.0.31919.166
MinimumVisualStudioVersion = 10.0.40219.1
Project("{9A19103F-16F7-4668-BE54-9A1E7A4F7556}") = "ChessAPI", "ChessAPI\ChessAPI.csproj", "{B470F9C6-1104-48B0-9C8C-E54466EBE762}"
EndProject
Project("{9A19103F-16F7-4668-BE54-9A1E7A4F7556}") = "ChessClient", "ChessClient\ChessClient.csproj", "{9BE03BBB-EA6A-4842-952D-1DE508737647}"
EndProject
Project("{9A19103F-16F7-4668-BE54-9A1E7A4F7556}") = "ChessAPIUnitTests", "ChessAPIUnitTests\ChessAPIUnitTests.csproj", "{20BF7C14-9CED-4ABC-9F13-9B0205DA7D08}"
EndProject
Project("{9A19103F-16F7-4668-BE54-9A1E7A4F7556}") = "Models", "Models\Models.csproj", "{8D2CBD42-C20F-4517-BFFF-0143AEC1C0A2}"
EndProject
Project("{9A19103F-16F7-4668-BE54-9A1E7A4F7556}") = "Pieces", "Pieces\Pieces.csproj", "{E8CA6352-F8EB-445B-B6A5-B860354F829A}"
EndProject
Project("{9A19103F-16F7-4668-BE54-9A1E7A4F7556}") = "PointLibrary", "PointLibrary\PointLibrary.csproj", "{3088A20A-1FF2-4467-AA0B-C73EBC335539}"
EndProject
Project("{9A19103F-16F7-4668-BE54-9A1E7A4F7556}") = "Interfaces", "Interfaces\Interfaces.csproj", "{494C398F-9BFA-4695-9077-9914DD309D1F}"
EndProject
Project("{FAE04EC0-301F-11D3-BF4B-00C04F79EFBC}") = "ChessLibrary", "ChessLibrary\ChessLibrary.csproj", "{3AD69C73-BA9B-4A87-8B9A-1A7AE9A1F6F0}"
EndProject
Global
	GlobalSection(SolutionConfigurationPlatforms) = preSolution
		Debug|Any CPU = Debug|Any CPU
		Release|Any CPU = Release|Any CPU
	EndGlobalSection
	GlobalSection(ProjectConfigurationPlatforms) = postSolution
		{B470F9C6-1104-48B0-9C8C-E54466EBE762}.Debug|Any CPU.ActiveCfg = Debug|Any CPU
		{B470F9C6-1104-48B0-9C8C-E54466EBE762}.Debug|Any CPU.Build.0 = Debug|Any CPU
		{B470F9C6-1104-48B0-9C8C-E54466EBE762}.Release|Any CPU.ActiveCfg = Release|Any CPU
		{B470F9C6-1104-48B0-9C8C-E54466EBE762}.Release|Any CPU.Build.0 = Release|Any CPU
		{9BE03BBB-EA6A-4842-952D-1DE508737647}.Debug|Any CPU.ActiveCfg = Debug|Any CPU
		{9BE03BBB-EA6A-4842-952D-1DE508737647}.Debug|Any CPU.Build.0 = Debug|Any CPU
		{9BE03BBB-EA6A-4842-952D-1DE508737647}.Release|Any CPU.ActiveCfg = Release|Any CPU
		{9BE03BBB-EA6A-4842-952D-1DE508737647}.Release|Any CPU.Build.0 = Release|Any CPU
		{20BF7C14-9CED-4ABC-9F13-9B0205DA7D08}.Debug|Any CPU.ActiveCfg = Debug|Any CPU
		{20BF7C14-9CED-4ABC-9F13-9B0205DA7D08}.Debug|Any CPU.Build.0 = Debug|Any CPU
		{20BF7C14-9CED-4ABC-9F13-9B0205DA7D08}.Release|Any CPU.ActiveCfg = Release|Any CPU
		{20BF7C14-9CED-4ABC-9F13-9B0205DA7D08}.Release|Any CPU.Build.0 = Release|Any CPU
		{8D2CBD42-C20F-4517-BFFF-0143AEC1C0A2}.Debug|Any CPU.ActiveCfg = Debug|Any CPU
		{8D2CBD42-C20F-4517-BFFF-0143AEC1C0A2}.Debug|Any CPU.Build.0 = Debug|Any CPU
		{8D2CBD42-C20F-4517-BFFF-0143AEC1C0A2}.Release|Any CPU.ActiveCfg = Release|Any CPU
		{8D2CBD42-C20F-4517-BFFF-0143AEC1C0A2}.Release|Any CPU.Build.0 = Release|Any CPU
		{E8CA6352-F8EB-445B-B6A5-B860354F829A}.Debug|Any CPU.ActiveCfg = Debug|Any CPU
		{E8CA6352-F8EB-445B-B6A5-B860354F829A}.Debug|Any CPU.Build.0 = Debug|Any CPU
		{E8CA6352-F8EB-445B-B6A5-B860354F829A}.Release|Any CPU.ActiveCfg = Release|Any CPU
		{E8CA6352-F8EB-445B-B6A5-B860354F829A}.Release|Any CPU.Build.0 = Release|Any CPU
		{3088A20A-1FF2-4467-AA0B-C73EBC335539}.Debug|Any CPU.ActiveCfg = Debug|Any CPU
		{3088A20A-1FF2-4467-AA0B-C73EBC335539}.Debug|Any CPU.Build.0 = Debug|Any CPU
		{3088A20A-1FF2-4467-AA0B-C73EBC335539}.Release|Any CPU.ActiveCfg = Release|Any CPU
		{3088A20A-1FF2-4467-AA0B-C73EBC335539}.Release|Any CPU.Build.0 = Release|Any CPU
		{494C398F-9BFA-4695-9077-9914DD309D1F}.Debug|Any CPU.ActiveCfg = Debug|Any CPU
		{494C398F-9BFA-4695-9077-9914DD309D1F}.Debug|Any CPU.Build.0 = Debug|Any CPU
		{494C398F-9BFA-4695-9077-9914DD309D1F}.Release|Any CPU.ActiveCfg = Release|Any CPU
		{494C398F-9BFA-4695-9077-9914DD309D1F}.Release|Any CPU.Build.0 = Release|Any CPU
		{3AD69C73-BA9B-4A87-8B9A-1A7AE9A1F6F0}.Debug|Any CPU.ActiveCfg = Debug|Any CPU
		{3AD69C73-BA9B-4A87-8B9A-1A7AE9A1F6F0}.Debug|Any CPU.Build.0 = Debug|Any CPU
		{3AD69C73-BA9B-4A87-8B9A-1A7AE9A1F6F0}.Release|Any CPU.ActiveCfg = Release|Any CPU
		{3AD69C73-BA9B-4A87-8B9A-1A7AE9A1F6F0}.Release|Any CPU.Build.0 = Release|Any CPU
	EndGlobalSection
	GlobalSection(SolutionProperties) = preSolution
		HideSolutionNode = FALSE
	EndGlobalSection
	GlobalSection(ExtensibilityGlobals) = postSolution
		SolutionGuid = {EB919BD4-D44B-4F80-BFBC-48FC75D36818}
	EndGlobalSection
EndGlobal
